
Microsoft Visual Studio Solution File, Format Version 12.00
# Visual Studio Version 17
VisualStudioVersion = 17.7.34031.279
MinimumVisualStudioVersion = 10.0.40219.1
Project("{2150E333-8FDC-42A3-9474-1A3956D46DE8}") = "src", "src", "{085E22CB-5045-4EE4-BB3D-0D7CB72B83F5}"
EndProject
Project("{9A19103F-16F7-4668-BE54-9A1E7A4F7556}") = "Application", "src\Application\Application.csproj", "{17B22426-D638-4815-8C6F-BEB92B8C780F}"
EndProject
Project("{9A19103F-16F7-4668-BE54-9A1E7A4F7556}") = "Domain", "src\Domain\Domain.csproj", "{8E2F4BB5-0382-48F9-BA09-346EE14C0B50}"
EndProject
Project("{9A19103F-16F7-4668-BE54-9A1E7A4F7556}") = "Data", "src\Persistence\Data.csproj", "{ACEE2298-F6A0-4824-BDB4-E9EB2C932D3D}"
EndProject
Project("{9A19103F-16F7-4668-BE54-9A1E7A4F7556}") = "Infrastructure", "src\Infrastructure\Infrastructure.csproj", "{B6C71AE4-1AE8-4A6E-8CB2-6E1CEDD70EC7}"
EndProject
Project("{9A19103F-16F7-4668-BE54-9A1E7A4F7556}") = "WebAPI", "src\WebAPI\WebAPI.csproj", "{A0FE4315-5487-40CB-95B4-52375608078F}"
EndProject
Global
	GlobalSection(SolutionConfigurationPlatforms) = preSolution
		Debug|Any CPU = Debug|Any CPU
		Release|Any CPU = Release|Any CPU
	EndGlobalSection
	GlobalSection(ProjectConfigurationPlatforms) = postSolution
		{17B22426-D638-4815-8C6F-BEB92B8C780F}.Debug|Any CPU.ActiveCfg = Debug|Any CPU
		{17B22426-D638-4815-8C6F-BEB92B8C780F}.Debug|Any CPU.Build.0 = Debug|Any CPU
		{17B22426-D638-4815-8C6F-BEB92B8C780F}.Release|Any CPU.ActiveCfg = Release|Any CPU
		{17B22426-D638-4815-8C6F-BEB92B8C780F}.Release|Any CPU.Build.0 = Release|Any CPU
		{8E2F4BB5-0382-48F9-BA09-346EE14C0B50}.Debug|Any CPU.ActiveCfg = Debug|Any CPU
		{8E2F4BB5-0382-48F9-BA09-346EE14C0B50}.Debug|Any CPU.Build.0 = Debug|Any CPU
		{8E2F4BB5-0382-48F9-BA09-346EE14C0B50}.Release|Any CPU.ActiveCfg = Release|Any CPU
		{8E2F4BB5-0382-48F9-BA09-346EE14C0B50}.Release|Any CPU.Build.0 = Release|Any CPU
		{ACEE2298-F6A0-4824-BDB4-E9EB2C932D3D}.Debug|Any CPU.ActiveCfg = Debug|Any CPU
		{ACEE2298-F6A0-4824-BDB4-E9EB2C932D3D}.Debug|Any CPU.Build.0 = Debug|Any CPU
		{ACEE2298-F6A0-4824-BDB4-E9EB2C932D3D}.Release|Any CPU.ActiveCfg = Release|Any CPU
		{ACEE2298-F6A0-4824-BDB4-E9EB2C932D3D}.Release|Any CPU.Build.0 = Release|Any CPU
		{B6C71AE4-1AE8-4A6E-8CB2-6E1CEDD70EC7}.Debug|Any CPU.ActiveCfg = Debug|Any CPU
		{B6C71AE4-1AE8-4A6E-8CB2-6E1CEDD70EC7}.Debug|Any CPU.Build.0 = Debug|Any CPU
		{B6C71AE4-1AE8-4A6E-8CB2-6E1CEDD70EC7}.Release|Any CPU.ActiveCfg = Release|Any CPU
		{B6C71AE4-1AE8-4A6E-8CB2-6E1CEDD70EC7}.Release|Any CPU.Build.0 = Release|Any CPU
		{A0FE4315-5487-40CB-95B4-52375608078F}.Debug|Any CPU.ActiveCfg = Debug|Any CPU
		{A0FE4315-5487-40CB-95B4-52375608078F}.Debug|Any CPU.Build.0 = Debug|Any CPU
		{A0FE4315-5487-40CB-95B4-52375608078F}.Release|Any CPU.ActiveCfg = Release|Any CPU
		{A0FE4315-5487-40CB-95B4-52375608078F}.Release|Any CPU.Build.0 = Release|Any CPU
	EndGlobalSection
	GlobalSection(SolutionProperties) = preSolution
		HideSolutionNode = FALSE
	EndGlobalSection
	GlobalSection(NestedProjects) = preSolution
		{17B22426-D638-4815-8C6F-BEB92B8C780F} = {085E22CB-5045-4EE4-BB3D-0D7CB72B83F5}
		{8E2F4BB5-0382-48F9-BA09-346EE14C0B50} = {085E22CB-5045-4EE4-BB3D-0D7CB72B83F5}
		{ACEE2298-F6A0-4824-BDB4-E9EB2C932D3D} = {085E22CB-5045-4EE4-BB3D-0D7CB72B83F5}
		{B6C71AE4-1AE8-4A6E-8CB2-6E1CEDD70EC7} = {085E22CB-5045-4EE4-BB3D-0D7CB72B83F5}
		{A0FE4315-5487-40CB-95B4-52375608078F} = {085E22CB-5045-4EE4-BB3D-0D7CB72B83F5}
	EndGlobalSection
	GlobalSection(ExtensibilityGlobals) = postSolution
		SolutionGuid = {005166E2-0274-4260-879F-81AA2CA800C3}
	EndGlobalSection
EndGlobal
